
Microsoft Visual Studio Solution File, Format Version 12.00
# Visual Studio Version 17
VisualStudioVersion = 17.5.002.0
MinimumVisualStudioVersion = 10.0.40219.1
Project("{9A19103F-16F7-4668-BE54-9A1E7A4F7556}") = "RogueGame", "RogueGame.csproj", "{093CD994-4E91-4EE5-90EF-DFA346C1C35B}"
EndProject
Global
	GlobalSection(SolutionConfigurationPlatforms) = preSolution
		Debug|Any CPU = Debug|Any CPU
		Release|Any CPU = Release|Any CPU
	EndGlobalSection
	GlobalSection(ProjectConfigurationPlatforms) = postSolution
		{093CD994-4E91-4EE5-90EF-DFA346C1C35B}.Debug|Any CPU.ActiveCfg = Debug|Any CPU
		{093CD994-4E91-4EE5-90EF-DFA346C1C35B}.Debug|Any CPU.Build.0 = Debug|Any CPU
		{093CD994-4E91-4EE5-90EF-DFA346C1C35B}.Release|Any CPU.ActiveCfg = Release|Any CPU
		{093CD994-4E91-4EE5-90EF-DFA346C1C35B}.Release|Any CPU.Build.0 = Release|Any CPU
	EndGlobalSection
	GlobalSection(SolutionProperties) = preSolution
		HideSolutionNode = FALSE
	EndGlobalSection
	GlobalSection(ExtensibilityGlobals) = postSolution
		SolutionGuid = {77337465-15F2-4798-8F7B-BD0872E20164}
	EndGlobalSection
EndGlobal
